{
    "_readme": [
        "This file locks the dependencies of your project to a known state",
        "Read more about it at https://getcomposer.org/doc/01-basic-usage.md#installing-dependencies",
        "This file is @generated automatically"
    ],
    "content-hash": "e21987189183e22fa560ea1a744747ec",
    "packages": [
        {
            "name": "phel/phel",
            "version": "dev-master",
            "source": {
                "type": "git",
                "url": "https://github.com/jenshaase/phel-lang.git",
                "reference": "a5df9ca5f11c13525f9909bda44f3bb7c0c3557f"
            },
            "dist": {
                "type": "zip",
                "url": "https://api.github.com/repos/jenshaase/phel-lang/zipball/a5df9ca5f11c13525f9909bda44f3bb7c0c3557f",
                "reference": "a5df9ca5f11c13525f9909bda44f3bb7c0c3557f",
                "shasum": ""
            },
            "require": {
                "phel/phel-composer-plugin": "dev-master",
                "php": ">=7.4"
            },
            "require-dev": {
                "ext-readline": "*",
                "friendsofphp/php-cs-fixer": "^2.16",
                "infection/infection": "^0.16.3 || ^0.20.0",
                "phpmetrics/phpmetrics": "^2.7",
                "phpunit/phpunit": "^9.5",
                "symfony/var-dumper": "^5.2",
                "vimeo/psalm": "dev-master"
            },
            "default-branch": true,
            "bin": [
                "phel"
            ],
            "type": "library",
            "extra": {
                "phel": {
                    "loader": {
                        "phel\\": "src/phel/"
                    },
                    "loader-dev": {
                        "phel\\": "tests/phel/"
                    },
                    "tests": [
                        "tests/phel/"
                    ]
                }
            },
            "autoload": {
                "psr-4": {
                    "Phel\\": "src/php/"
                }
            },
            "notification-url": "https://packagist.org/downloads/",
            "license": [
                "MIT"
            ],
            "authors": [
                {
                    "name": "Jens Haase",
                    "email": "je.haase@gmail.com"
                }
            ],
            "description": "Phel is a function programming language that compiles to PHP",
            "homepage": "https://phel-lang.org/",
            "keywords": [
                "functional",
                "language",
                "lisp",
                "phel"
            ],
            "support": {
                "issues": "https://github.com/jenshaase/phel-lang/issues",
                "source": "https://github.com/jenshaase/phel-lang/tree/master"
            },
            "time": "2021-01-19T16:02:25+00:00"
        },
        {
            "name": "phel/phel-composer-plugin",
            "version": "dev-master",
            "source": {
                "type": "git",
                "url": "https://github.com/phel-lang/phel-composer-plugin.git",
                "reference": "7b8a2cf1c015d46bb088726c33b312ca0d39d3d0"
            },
            "dist": {
                "type": "zip",
                "url": "https://api.github.com/repos/phel-lang/phel-composer-plugin/zipball/7b8a2cf1c015d46bb088726c33b312ca0d39d3d0",
                "reference": "7b8a2cf1c015d46bb088726c33b312ca0d39d3d0",
                "shasum": ""
            },
            "require": {
                "composer-plugin-api": "^1.1.0 || ^2.0",
                "php": ">=7.4"
            },
            "require-dev": {
                "composer/composer": "^1.10.0",
                "friendsofphp/php-cs-fixer": "^2.16",
                "phpunit/phpunit": "^9",
                "vimeo/psalm": "^3.11"
            },
            "default-branch": true,
            "type": "composer-plugin",
            "extra": {
                "class": "Phel\\Composer\\Plugin"
            },
            "autoload": {
                "psr-4": {
                    "Phel\\Composer\\": "src"
                }
            },
            "notification-url": "https://packagist.org/downloads/",
            "license": [
                "MIT"
            ],
            "authors": [
                {
                    "name": "Jens Haase",
                    "email": "je.haase@gmail.com"
                }
            ],
            "description": "A composer plugin for the Phel language.",
            "homepage": "https://phel-lang.org/",
            "keywords": [
                "composer",
                "functional",
                "language",
                "lisp",
                "phel",
                "plugin"
            ],
            "support": {
                "issues": "https://github.com/phel-lang/phel-composer-plugin/issues",
                "source": "https://github.com/phel-lang/phel-composer-plugin/tree/master"
            },
            "time": "2021-01-17T20:50:35+00:00"
        }
    ],
    "packages-dev": [],
    "aliases": [],
    "minimum-stability": "dev",
    "stability-flags": {
        "phel/phel": 20
    },
    "prefer-stable": false,
    "prefer-lowest": false,
    "platform": {
        "ext-readline": "*"
    },
    "platform-dev": [],
    "plugin-api-version": "2.0.0"
}
